<?xml version="1.0" encoding="utf-8"?>
<Project ToolsVersion="4.0" xmlns="http://schemas.microsoft.com/developer/msbuild/2003">
  <ItemGroup>
    <ClCompile Include="dllmain.cpp" />
    <ClCompile Include="main.cpp" />
    <ClCompile Include="AddressMgr.cpp" />
    <ClCompile Include="Hooking.cpp" />
    <ClCompile Include="profileSettingsMgr.cpp">
      <Filter>Game Classes</Filter>
    </ClCompile>
  </ItemGroup>
  <ItemGroup>
    <ClInclude Include="stdinc.h" />
    <ClInclude Include="enums.h" />
    <ClInclude Include="config.h" />
    <ClInclude Include="patch.h" />
    <ClInclude Include="opcode.h" />
    <ClInclude Include="types.h" />
    <ClInclude Include="pattern.h" />
    <ClInclude Include="AddressMgr.h" />
    <ClInclude Include="game.h" />
    <ClInclude Include="Hooking.h" />
    <ClInclude Include="profileSettingsMgr.h">
      <Filter>Game Classes</Filter>
    </ClInclude>
    <ClInclude Include="resource.h" />
  </ItemGroup>
  <ItemGroup>
    <Filter Include="Game Classes">
      <UniqueIdentifier>{b22a65d3-7b9c-41d9-8c27-35a0b3d93961}</UniqueIdentifier>
    </Filter>
  </ItemGroup>
  <ItemGroup>
    <ResourceCompile Include="ExtendedCameraSettings.rc" />
  </ItemGroup>
  <ItemGroup>
    <None Include="res\ExtendedCameraSettings.ini" />
  </ItemGroup>
</Project>