<?xml version="1.0" encoding="utf-8"?>
<Project ToolsVersion="4.0" xmlns="http://schemas.microsoft.com/developer/msbuild/2003">
  <ItemGroup>
    <ResourceCompile Include="ExtendedCameraSettings.rc" />
  </ItemGroup>
  <ItemGroup>
    <None Include="res\ExtendedCameraSettings.ini" />
  </ItemGroup>
  <ItemGroup>
    <Filter Include="tinyxml2">
      <UniqueIdentifier>{e7b6a36b-0a7e-4e62-aa32-8b70f32f16f4}</UniqueIdentifier>
    </Filter>
  </ItemGroup>
  <ItemGroup>
    <ClCompile Include="tinyxml2\tinyxml2.cpp">
      <Filter>tinyxml2</Filter>
    </ClCompile>
    <ClCompile Include="stdafx.cpp" />
    <ClCompile Include="AddressMgr.cpp" />
    <ClCompile Include="dllmain.cpp" />
    <ClCompile Include="Hooking.cpp" />
    <ClCompile Include="Logger.cpp" />
    <ClCompile Include="main.cpp" />
    <ClCompile Include="Math.cpp" />
    <ClCompile Include="MemAddr.cpp" />
    <ClCompile Include="Utility.cpp" />
    <ClCompile Include="XMLHelper.cpp" />
  </ItemGroup>
  <ItemGroup>
    <ClInclude Include="tinyxml2\tinyxml2.h">
      <Filter>tinyxml2</Filter>
    </ClInclude>
    <ClInclude Include="stdafx.h" />
    <ClInclude Include="AddressMgr.h" />
    <ClInclude Include="config.h" />
    <ClInclude Include="enums.h" />
    <ClInclude Include="functions.h" />
    <ClInclude Include="game.h" />
    <ClInclude Include="Hooking.h" />
    <ClInclude Include="Logger.h" />
    <ClInclude Include="Math.h" />
    <ClInclude Include="MemAddr.h" />
    <ClInclude Include="resource.h" />
    <ClInclude Include="types.h" />
    <ClInclude Include="Utility.h" />
    <ClInclude Include="XMLHelper.h" />
    <ClInclude Include="opcode.h" />
    <ClInclude Include="patch.h" />
    <ClInclude Include="pattern.h" />
  </ItemGroup>
</Project>